
Microsoft Visual Studio Solution File, Format Version 12.00
# Visual Studio Version 17
VisualStudioVersion = 17.2.32519.379
MinimumVisualStudioVersion = 10.0.40219.1
Project("{FAE04EC0-301F-11D3-BF4B-00C04F79EFBC}") = "Zlib.Extended", "Zlib.Extended\Zlib.Extended.csproj", "{60770977-B837-498A-99A2-F4F7BB254457}"
EndProject
Global
	GlobalSection(SolutionConfigurationPlatforms) = preSolution
		Debug|Any CPU = Debug|Any CPU
		Release|Any CPU = Release|Any CPU
	EndGlobalSection
	GlobalSection(ProjectConfigurationPlatforms) = postSolution
		{60770977-B837-498A-99A2-F4F7BB254457}.Debug|Any CPU.ActiveCfg = Debug|Any CPU
		{60770977-B837-498A-99A2-F4F7BB254457}.Debug|Any CPU.Build.0 = Debug|Any CPU
		{60770977-B837-498A-99A2-F4F7BB254457}.Release|Any CPU.ActiveCfg = Release|Any CPU
		{60770977-B837-498A-99A2-F4F7BB254457}.Release|Any CPU.Build.0 = Release|Any CPU
	EndGlobalSection
	GlobalSection(SolutionProperties) = preSolution
		HideSolutionNode = FALSE
	EndGlobalSection
	GlobalSection(ExtensibilityGlobals) = postSolution
		SolutionGuid = {79DD9842-8EE9-4646-897D-2E85CABAF6B7}
	EndGlobalSection
EndGlobal
